# Connected bundle-builder input only; TPU workers never read this resolver
# lock. The builder downloads wheels, then emits a URL-free fully resolved
# offline lock. Gemma is built separately because unreleased 4.1.0 declares a
# floating Hackable Diffusion git dependency.

dialog==1.1.0
etils[epath-gcs]==1.14.0
flax==0.12.7
google-cloud-storage==3.12.1
grain==0.2.18
hackable-diffusion==1.0.1
jax[tpu]==0.10.2
jaxlib==0.10.2
kauldron==1.4.4
libtpu==0.0.42.1
numpy==2.4.6
optax==0.2.8
orbax-checkpoint==0.12.1
sentencepiece==0.2.1

# Gemma 4.1.0's declared runtime dependencies that the kauldron/JAX tree does
# not already provide. Gemma itself is wheeled --no-deps from source (see
# requirements-gemma-source.lock); these make the offline environment satisfy
# its metadata so the no-index audit's pip check passes.
bagz==0.2.0
fastmcp==3.4.4
kaggle==2.2.3
sacrebleu==2.6.0
seqio==0.0.20
