# Stage-0 P2-P5 direct dependency lock for CPython 3.12 on Linux x86_64.
# Run this only on the parity/compute host. The final report records the full
# transitive `pip freeze` beside these load-bearing direct pins.

accelerate==1.14.0
huggingface-hub==1.23.0
numpy==2.5.1
safetensors==0.8.0
sentencepiece==0.2.2
tokenizers==0.23.0
torch==2.13.0
transformers==5.13.0
